// !$*UTF8*$!
{
	archiveVersion = 1;
	classes = {
	};
	objectVersion = 50;
	objects = {

/* Begin PBXBuildFile section */
		5BE8E6C62250DAAC00BBD38A /* AppDelegate.m in Sources */ = {isa = PBXBuildFile; fileRef = 5BE8E6C52250DAAC00BBD38A /* AppDelegate.m */; };
		5BE8E6C92250DAAC00BBD38A /* ViewController.m in Sources */ = {isa = PBXBuildFile; fileRef = 5BE8E6C82250DAAC00BBD38A /* ViewController.m */; };
		5BE8E6CC2250DAAC00BBD38A /* Main.storyboard in Resources */ = {isa = PBXBuildFile; fileRef = 5BE8E6CA2250DAAC00BBD38A /* Main.storyboard */; };
		5BE8E6CE2250DAAD00BBD38A /* Assets.xcassets in Resources */ = {isa = PBXBuildFile; fileRef = 5BE8E6CD2250DAAD00BBD38A /* Assets.xcassets */; };
		5BE8E6D12250DAAD00BBD38A /* LaunchScreen.storyboard in Resources */ = {isa = PBXBuildFile; fileRef = 5BE8E6CF2250DAAD00BBD38A /* LaunchScreen.storyboard */; };
		5BE8E6D42250DAAD00BBD38A /* main.m in Sources */ = {isa = PBXBuildFile; fileRef = 5BE8E6D32250DAAD00BBD38A /* main.m */; };
/* End PBXBuildFile section */

/* Begin PBXFileReference section */
		5BE8E6C12250DAAC00BBD38A /* TF_EncryptDemo.app */ = {isa = PBXFileReference; explicitFileType = wrapper.application; includeInIndex = 0; path = TF_EncryptDemo.app; sourceTree = BUILT_PRODUCTS_DIR; };
		5BE8E6C42250DAAC00BBD38A /* AppDelegate.h */ = {isa = PBXFileReference; lastKnownFileType = sourcecode.c.h; path = AppDelegate.h; sourceTree = "<group>"; };
		5BE8E6C52250DAAC00BBD38A /* AppDelegate.m */ = {isa = PBXFileReference; lastKnownFileType = sourcecode.c.objc; path = AppDelegate.m; sourceTree = "<group>"; };
		5BE8E6C72250DAAC00BBD38A /* ViewController.h */ = {isa = PBXFileReference; lastKnownFileType = sourcecode.c.h; path = ViewController.h; sourceTree = "<group>"; };
		5BE8E6C82250DAAC00BBD38A /* ViewController.m */ = {isa = PBXFileReference; lastKnownFileType = sourcecode.c.objc; path = ViewController.m; sourceTree = "<group>"; };
		5BE8E6CB2250DAAC00BBD38A /* Base */ = {isa = PBXFileReference; lastKnownFileType = file.storyboard; name = Base; path = Base.lproj/Main.storyboard; sourceTree = "<group>"; };
		5BE8E6CD2250DAAD00BBD38A /* Assets.xcassets */ = {isa = PBXFileReference; lastKnownFileType = folder.assetcatalog; path = Assets.xcassets; sourceTree = "<group>"; };
		5BE8E6D02250DAAD00BBD38A /* Base */ = {isa = PBXFileReference; lastKnownFileType = file.storyboard; name = Base; path = Base.lproj/LaunchScreen.storyboard; sourceTree = "<group>"; };
		5BE8E6D22250DAAD00BBD38A /* Info.plist */ = {isa = PBXFileReference; lastKnownFileType = text.plist.xml; path = Info.plist; sourceTree = "<group>"; };
		5BE8E6D32250DAAD00BBD38A /* main.m */ = {isa = PBXFileReference; lastKnownFileType = sourcecode.c.objc; path = main.m; sourceTree = "<group>"; };
/* End PBXFileReference section */

/* Begin PBXFrameworksBuildPhase section */
		5BE8E6BE2250DAAC00BBD38A /* Frameworks */ = {
			isa = PBXFrameworksBuildPhase;
			buildActionMask = 2147483647;
			files = (
			);
			runOnlyForDeploymentPostprocessing = 0;
		};
/* End PBXFrameworksBuildPhase section */

/* Begin PBXGroup section */
		5BE8E6B82250DAAC00BBD38A = {
			isa = PBXGroup;
			children = (
				5BE8E6C32250DAAC00BBD38A /* TF_EncryptDemo */,
				5BE8E6C22250DAAC00BBD38A /* Products */,
			);
			sourceTree = "<group>";
		};
		5BE8E6C22250DAAC00BBD38A /* Products */ = {
			isa = PBXGroup;
			children = (
				5BE8E6C12250DAAC00BBD38A /* TF_EncryptDemo.app */,
			);
			name = Products;
			sourceTree = "<group>";
		};
		5BE8E6C32250DAAC00BBD38A /* TF_EncryptDemo */ = {
			isa = PBXGroup;
			children = (
				5BE8E6C42250DAAC00BBD38A /* AppDelegate.h */,
				5BE8E6C52250DAAC00BBD38A /* AppDelegate.m */,
				5BE8E6C72250DAAC00BBD38A /* ViewController.h */,
				5BE8E6C82250DAAC00BBD38A /* ViewController.m */,
				5BE8E6CA2250DAAC00BBD38A /* Main.storyboard */,
				5BE8E6CD2250DAAD00BBD38A /* Assets.xcassets */,
				5BE8E6CF2250DAAD00BBD38A /* LaunchScreen.storyboard */,
				5BE8E6D22250DAAD00BBD38A /* Info.plist */,
				5BE8E6D32250DAAD00BBD38A /* main.m */,
			);
			path = TF_EncryptDemo;
			sourceTree = "<group>";
		};
/* End PBXGroup section */

/* Begin PBXNativeTarget section */
		5BE8E6C02250DAAC00BBD38A /* TF_EncryptDemo */ = {
			isa = PBXNativeTarget;
			buildConfigurationList = 5BE8E6D72250DAAD00BBD38A /* Build configuration list for PBXNativeTarget "TF_EncryptDemo" */;
			buildPhases = (
				5BE8E6BD2250DAAC00BBD38A /* Sources */,
				5BE8E6BE2250DAAC00BBD38A /* Frameworks */,
				5BE8E6BF2250DAAC00BBD38A /* Resources */,
			);
			buildRules = (
			);
			dependencies = (
			);
			name = TF_EncryptDemo;
			productName = TF_EncryptDemo;
			productReference = 5BE8E6C12250DAAC00BBD38A /* TF_EncryptDemo.app */;
			productType = "com.apple.product-type.application";
		};
/* End PBXNativeTarget section */

/* Begin PBXProject section */
		5BE8E6B92250DAAC00BBD38A /* Project object */ = {
			isa = PBXProject;
			attributes = {
				LastUpgradeCheck = 1020;
				ORGANIZATIONNAME = TwistedFate;
				TargetAttributes = {
					5BE8E6C02250DAAC00BBD38A = {
						CreatedOnToolsVersion = 10.2;
					};
				};
			};
			buildConfigurationList = 5BE8E6BC2250DAAC00BBD38A /* Build configuration list for PBXProject "TF_EncryptDemo" */;
			compatibilityVersion = "Xcode 9.3";
			developmentRegion = en;
			hasScannedForEncodings = 0;
			knownRegions = (
				en,
				Base,
			);
			mainGroup = 5BE8E6B82250DAAC00BBD38A;
			productRefGroup = 5BE8E6C22250DAAC00BBD38A /* Products */;
			projectDirPath = "";
			projectRoot = "";
			targets = (
				5BE8E6C02250DAAC00BBD38A /* TF_EncryptDemo */,
			);
		};
/* End PBXProject section */

/* Begin PBXResourcesBuildPhase section */
		5BE8E6BF2250DAAC00BBD38A /* Resources */ = {
			isa = PBXResourcesBuildPhase;
			buildActionMask = 2147483647;
			files = (
				5BE8E6D12250DAAD00BBD38A /* LaunchScreen.storyboard in Resources */,
				5BE8E6CE2250DAAD00BBD38A /* Assets.xcassets in Resources */,
				5BE8E6CC2250DAAC00BBD38A /* Main.storyboard in Resources */,
			);
			runOnlyForDeploymentPostprocessing = 0;
		};
/* End PBXResourcesBuildPhase section */

/* Begin PBXSourcesBuildPhase section */
		5BE8E6BD2250DAAC00BBD38A /* Sources */ = {
			isa = PBXSourcesBuildPhase;
			buildActionMask = 2147483647;
			files = (
				5BE8E6C92250DAAC00BBD38A /* ViewController.m in Sources */,
				5BE8E6D42250DAAD00BBD38A /* main.m in Sources */,
				5BE8E6C62250DAAC00BBD38A /* AppDelegate.m in Sources */,
			);
			runOnlyForDeploymentPostprocessing = 0;
		};
/* End PBXSourcesBuildPhase section */

/* Begin PBXVariantGroup section */
		5BE8E6CA2250DAAC00BBD38A /* Main.storyboard */ = {
			isa = PBXVariantGroup;
			children = (
				5BE8E6CB2250DAAC00BBD38A /* Base */,
			);
			name = Main.storyboard;
			sourceTree = "<group>";
		};
		5BE8E6CF2250DAAD00BBD38A /* LaunchScreen.storyboard */ = {
			isa = PBXVariantGroup;
			children = (
				5BE8E6D02250DAAD00BBD38A /* Base */,
			);
			name = LaunchScreen.storyboard;
			sourceTree = "<group>";
		};
/* End PBXVariantGroup section */

/* Begin XCBuildConfiguration section */
		5BE8E6D52250DAAD00BBD38A /* Debug */ = {
			isa = XCBuildConfiguration;
			buildSettings = {
				ALWAYS_SEARCH_USER_PATHS = NO;
				CLANG_ANALYZER_NONNULL = YES;
				CLANG_ANALYZER_NUMBER_OBJECT_CONVERSION = YES_AGGRESSIVE;
				CLANG_CXX_LANGUAGE_STANDARD = "gnu++14";
				CLANG_CXX_LIBRARY = "libc++";
				CLANG_ENABLE_MODULES = YES;
				CLANG_ENABLE_OBJC_ARC = YES;
				CLANG_ENABLE_OBJC_WEAK = YES;
				CLANG_WARN_BLOCK_CAPTURE_AUTORELEASING = YES;
				CLANG_WARN_BOOL_CONVERSION = YES;
				CLANG_WARN_COMMA = YES;
				CLANG_WARN_CONSTANT_CONVERSION = YES;
				CLANG_WARN_DEPRECATED_OBJC_IMPLEMENTATIONS = YES;
				CLANG_WARN_DIRECT_OBJC_ISA_USAGE = YES_ERROR;
				CLANG_WARN_DOCUMENTATION_COMMENTS = YES;
				CLANG_WARN_EMPTY_BODY = YES;
				CLANG_WARN_ENUM_CONVERSION = YES;
				CLANG_WARN_INFINITE_RECURSION = YES;
				CLANG_WARN_INT_CONVERSION = YES;
				CLANG_WARN_NON_LITERAL_NULL_CONVERSION = YES;
				CLANG_WARN_OBJC_IMPLICIT_RETAIN_SELF = YES;
				CLANG_WARN_OBJC_LITERAL_CONVERSION = YES;
				CLANG_WARN_OBJC_ROOT_CLASS = YES_ERROR;
				CLANG_WARN_RANGE_LOOP_ANALYSIS = YES;
				CLANG_WARN_STRICT_PROTOTYPES = YES;
				CLANG_WARN_SUSPICIOUS_MOVE = YES;
				CLANG_WARN_UNGUARDED_AVAILABILITY = YES_AGGRESSIVE;
				CLANG_WARN_UNREACHABLE_CODE = YES;
				CLANG_WARN__DUPLICATE_METHOD_MATCH = YES;
				CODE_SIGN_IDENTITY = "iPhone Developer";
				COPY_PHASE_STRIP = NO;
				DEBUG_INFORMATION_FORMAT = dwarf;
				ENABLE_STRICT_OBJC_MSGSEND = YES;
				ENABLE_TESTABILITY = YES;
				GCC_C_LANGUAGE_STANDARD = gnu11;
				GCC_DYNAMIC_NO_PIC = NO;
				GCC_NO_COMMON_BLOCKS = YES;
				GCC_OPTIMIZATION_LEVEL = 0;
				GCC_PREPROCESSOR_DEFINITIONS = (
					"DEBUG=1",
					"$(inherited)",
				);
				GCC_WARN_64_TO_32_BIT_CONVERSION = YES;
				GCC_WARN_ABOUT_RETURN_TYPE = YES_ERROR;
				GCC_WARN_UNDECLARED_SELECTOR = YES;
				GCC_WARN_UNINITIALIZED_AUTOS = YES_AGGRESSIVE;
				GCC_WARN_UNUSED_FUNCTION = YES;
				GCC_WARN_UNUSED_VARIABLE = YES;
				IPHONEOS_DEPLOYMENT_TARGET = 12.2;
				MTL_ENABLE_DEBUG_INFO = INCLUDE_SOURCE;
				MTL_FAST_MATH = YES;
				ONLY_ACTIVE_ARCH = YES;
				SDKROOT = iphoneos;
			};
			name = Debug;
		};
		5BE8E6D62250DAAD00BBD38A /* Release */ = {
			isa = XCBuildConfiguration;
			buildSettings = {
				ALWAYS_SEARCH_USER_PATHS = NO;
				CLANG_ANALYZER_NONNULL = YES;
				CLANG_ANALYZER_NUMBER_OBJECT_CONVERSION = YES_AGGRESSIVE;
				CLANG_CXX_LANGUAGE_STANDARD = "gnu++14";
				CLANG_CXX_LIBRARY = "libc++";
				CLANG_ENABLE_MODULES = YES;
				CLANG_ENABLE_OBJC_ARC = YES;
				CLANG_ENABLE_OBJC_WEAK = YES;
				CLANG_WARN_BLOCK_CAPTURE_AUTORELEASING = YES;
				CLANG_WARN_BOOL_CONVERSION = YES;
				CLANG_WARN_COMMA = YES;
				CLANG_WARN_CONSTANT_CONVERSION = YES;
				CLANG_WARN_DEPRECATED_OBJC_IMPLEMENTATIONS = YES;
				CLANG_WARN_DIRECT_OBJC_ISA_USAGE = YES_ERROR;
				CLANG_WARN_DOCUMENTATION_COMMENTS = YES;
				CLANG_WARN_EMPTY_BODY = YES;
				CLANG_WARN_ENUM_CONVERSION = YES;
				CLANG_WARN_INFINITE_RECURSION = YES;
				CLANG_WARN_INT_CONVERSION = YES;
				CLANG_WARN_NON_LITERAL_NULL_CONVERSION = YES;
				CLANG_WARN_OBJC_IMPLICIT_RETAIN_SELF = YES;
				CLANG_WARN_OBJC_LITERAL_CONVERSION = YES;
				CLANG_WARN_OBJC_ROOT_CLASS = YES_ERROR;
				CLANG_WARN_RANGE_LOOP_ANALYSIS = YES;
				CLANG_WARN_STRICT_PROTOTYPES = YES;
				CLANG_WARN_SUSPICIOUS_MOVE = YES;
				CLANG_WARN_UNGUARDED_AVAILABILITY = YES_AGGRESSIVE;
				CLANG_WARN_UNREACHABLE_CODE = YES;
				CLANG_WARN__DUPLICATE_METHOD_MATCH = YES;
				CODE_SIGN_IDENTITY = "iPhone Developer";
				COPY_PHASE_STRIP = NO;
				DEBUG_INFORMATION_FORMAT = "dwarf-with-dsym";
				ENABLE_NS_ASSERTIONS = NO;
				ENABLE_STRICT_OBJC_MSGSEND = YES;
				GCC_C_LANGUAGE_STANDARD = gnu11;
				GCC_NO_COMMON_BLOCKS = YES;
				GCC_WARN_64_TO_32_BIT_CONVERSION = YES;
				GCC_WARN_ABOUT_RETURN_TYPE = YES_ERROR;
				GCC_WARN_UNDECLARED_SELECTOR = YES;
				GCC_WARN_UNINITIALIZED_AUTOS = YES_AGGRESSIVE;
				GCC_WARN_UNUSED_FUNCTION = YES;
				GCC_WARN_UNUSED_VARIABLE = YES;
				IPHONEOS_DEPLOYMENT_TARGET = 12.2;
				MTL_ENABLE_DEBUG_INFO = NO;
				MTL_FAST_MATH = YES;
				SDKROOT = iphoneos;
				VALIDATE_PRODUCT = YES;
			};
			name = Release;
		};
		5BE8E6D82250DAAD00BBD38A /* Debug */ = {
			isa = XCBuildConfiguration;
			buildSettings = {
				ASSETCATALOG_COMPILER_APPICON_NAME = AppIcon;
				CODE_SIGN_STYLE = Automatic;
				DEVELOPMENT_TEAM = 83J8888V77;
				INFOPLIST_FILE = TF_EncryptDemo/Info.plist;
				LD_RUNPATH_SEARCH_PATHS = (
					"$(inherited)",
					"@executable_path/Frameworks",
				);
				PRODUCT_BUNDLE_IDENTIFIER = "com.TwistedFate.www.TF-EncryptDemo";
				PRODUCT_NAME = "$(TARGET_NAME)";
				TARGETED_DEVICE_FAMILY = "1,2";
			};
			name = Debug;
		};
		5BE8E6D92250DAAD00BBD38A /* Release */ = {
			isa = XCBuildConfiguration;
			buildSettings = {
				ASSETCATALOG_COMPILER_APPICON_NAME = AppIcon;
				CODE_SIGN_STYLE = Automatic;
				DEVELOPMENT_TEAM = 83J8888V77;
				INFOPLIST_FILE = TF_EncryptDemo/Info.plist;
				LD_RUNPATH_SEARCH_PATHS = (
					"$(inherited)",
					"@executable_path/Frameworks",
				);
				PRODUCT_BUNDLE_IDENTIFIER = "com.TwistedFate.www.TF-EncryptDemo";
				PRODUCT_NAME = "$(TARGET_NAME)";
				TARGETED_DEVICE_FAMILY = "1,2";
			};
			name = Release;
		};
/* End XCBuildConfiguration section */

/* Begin XCConfigurationList section */
		5BE8E6BC2250DAAC00BBD38A /* Build configuration list for PBXProject "TF_EncryptDemo" */ = {
			isa = XCConfigurationList;
			buildConfigurations = (
				5BE8E6D52250DAAD00BBD38A /* Debug */,
				5BE8E6D62250DAAD00BBD38A /* Release */,
			);
			defaultConfigurationIsVisible = 0;
			defaultConfigurationName = Release;
		};
		5BE8E6D72250DAAD00BBD38A /* Build configuration list for PBXNativeTarget "TF_EncryptDemo" */ = {
			isa = XCConfigurationList;
			buildConfigurations = (
				5BE8E6D82250DAAD00BBD38A /* Debug */,
				5BE8E6D92250DAAD00BBD38A /* Release */,
			);
			defaultConfigurationIsVisible = 0;
			defaultConfigurationName = Release;
		};
/* End XCConfigurationList section */
	};
	rootObject = 5BE8E6B92250DAAC00BBD38A /* Project object */;
}
