// !$*UTF8*$!
{
	archiveVersion = 1;
	classes = {
	};
	objectVersion = 50;
	objects = {

/* Begin PBXBuildFile section */
		5B2F4D012251F97E009263AB /* NSData+TF_Conversion.m in Sources */ = {isa = PBXBuildFile; fileRef = 5B2F4D002251F97E009263AB /* NSData+TF_Conversion.m */; };
		5BE8E6E72250DB4100BBD38A /* main.m in Sources */ = {isa = PBXBuildFile; fileRef = 5BE8E6E62250DB4100BBD38A /* main.m */; };
		5BE8E6FA2250DC8900BBD38A /* NSData+TF_Encrypt.m in Sources */ = {isa = PBXBuildFile; fileRef = 5BE8E6F92250DC8900BBD38A /* NSData+TF_Encrypt.m */; };
/* End PBXBuildFile section */

/* Begin PBXCopyFilesBuildPhase section */
		5BE8E6E12250DB4100BBD38A /* CopyFiles */ = {
			isa = PBXCopyFilesBuildPhase;
			buildActionMask = 2147483647;
			dstPath = /usr/share/man/man1/;
			dstSubfolderSpec = 0;
			files = (
			);
			runOnlyForDeploymentPostprocessing = 1;
		};
/* End PBXCopyFilesBuildPhase section */

/* Begin PBXFileReference section */
		5B2F4CFF2251F97E009263AB /* NSData+TF_Conversion.h */ = {isa = PBXFileReference; lastKnownFileType = sourcecode.c.h; path = "NSData+TF_Conversion.h"; sourceTree = "<group>"; };
		5B2F4D002251F97E009263AB /* NSData+TF_Conversion.m */ = {isa = PBXFileReference; lastKnownFileType = sourcecode.c.objc; path = "NSData+TF_Conversion.m"; sourceTree = "<group>"; };
		5BE8E6E32250DB4100BBD38A /* TF_EncryptDemo */ = {isa = PBXFileReference; explicitFileType = "compiled.mach-o.executable"; includeInIndex = 0; path = TF_EncryptDemo; sourceTree = BUILT_PRODUCTS_DIR; };
		5BE8E6E62250DB4100BBD38A /* main.m */ = {isa = PBXFileReference; lastKnownFileType = sourcecode.c.objc; path = main.m; sourceTree = "<group>"; };
		5BE8E6F82250DC8900BBD38A /* NSData+TF_Encrypt.h */ = {isa = PBXFileReference; lastKnownFileType = sourcecode.c.h; path = "NSData+TF_Encrypt.h"; sourceTree = "<group>"; };
		5BE8E6F92250DC8900BBD38A /* NSData+TF_Encrypt.m */ = {isa = PBXFileReference; lastKnownFileType = sourcecode.c.objc; path = "NSData+TF_Encrypt.m"; sourceTree = "<group>"; };
/* End PBXFileReference section */

/* Begin PBXFrameworksBuildPhase section */
		5BE8E6E02250DB4100BBD38A /* Frameworks */ = {
			isa = PBXFrameworksBuildPhase;
			buildActionMask = 2147483647;
			files = (
			);
			runOnlyForDeploymentPostprocessing = 0;
		};
/* End PBXFrameworksBuildPhase section */

/* Begin PBXGroup section */
		5BE8E6DA2250DB4100BBD38A = {
			isa = PBXGroup;
			children = (
				5BE8E6E52250DB4100BBD38A /* TF_EncryptDemo */,
				5BE8E6E42250DB4100BBD38A /* Products */,
			);
			sourceTree = "<group>";
		};
		5BE8E6E42250DB4100BBD38A /* Products */ = {
			isa = PBXGroup;
			children = (
				5BE8E6E32250DB4100BBD38A /* TF_EncryptDemo */,
			);
			name = Products;
			sourceTree = "<group>";
		};
		5BE8E6E52250DB4100BBD38A /* TF_EncryptDemo */ = {
			isa = PBXGroup;
			children = (
				5BE8E6E62250DB4100BBD38A /* main.m */,
				5BE8E6ED2250DBC900BBD38A /* TF_Encrypt */,
			);
			path = TF_EncryptDemo;
			sourceTree = "<group>";
		};
		5BE8E6ED2250DBC900BBD38A /* TF_Encrypt */ = {
			isa = PBXGroup;
			children = (
				5BE8E6F82250DC8900BBD38A /* NSData+TF_Encrypt.h */,
				5BE8E6F92250DC8900BBD38A /* NSData+TF_Encrypt.m */,
				5B2F4CFF2251F97E009263AB /* NSData+TF_Conversion.h */,
				5B2F4D002251F97E009263AB /* NSData+TF_Conversion.m */,
			);
			path = TF_Encrypt;
			sourceTree = "<group>";
		};
/* End PBXGroup section */

/* Begin PBXNativeTarget section */
		5BE8E6E22250DB4100BBD38A /* TF_EncryptDemo */ = {
			isa = PBXNativeTarget;
			buildConfigurationList = 5BE8E6EA2250DB4100BBD38A /* Build configuration list for PBXNativeTarget "TF_EncryptDemo" */;
			buildPhases = (
				5BE8E6DF2250DB4100BBD38A /* Sources */,
				5BE8E6E02250DB4100BBD38A /* Frameworks */,
				5BE8E6E12250DB4100BBD38A /* CopyFiles */,
			);
			buildRules = (
			);
			dependencies = (
			);
			name = TF_EncryptDemo;
			productName = TF_EncryptDemo;
			productReference = 5BE8E6E32250DB4100BBD38A /* TF_EncryptDemo */;
			productType = "com.apple.product-type.tool";
		};
/* End PBXNativeTarget section */

/* Begin PBXProject section */
		5BE8E6DB2250DB4100BBD38A /* Project object */ = {
			isa = PBXProject;
			attributes = {
				LastUpgradeCheck = 1020;
				ORGANIZATIONNAME = TwistedFate;
				TargetAttributes = {
					5BE8E6E22250DB4100BBD38A = {
						CreatedOnToolsVersion = 10.2;
					};
				};
			};
			buildConfigurationList = 5BE8E6DE2250DB4100BBD38A /* Build configuration list for PBXProject "TF_EncryptDemo" */;
			compatibilityVersion = "Xcode 9.3";
			developmentRegion = en;
			hasScannedForEncodings = 0;
			knownRegions = (
				en,
			);
			mainGroup = 5BE8E6DA2250DB4100BBD38A;
			productRefGroup = 5BE8E6E42250DB4100BBD38A /* Products */;
			projectDirPath = "";
			projectRoot = "";
			targets = (
				5BE8E6E22250DB4100BBD38A /* TF_EncryptDemo */,
			);
		};
/* End PBXProject section */

/* Begin PBXSourcesBuildPhase section */
		5BE8E6DF2250DB4100BBD38A /* Sources */ = {
			isa = PBXSourcesBuildPhase;
			buildActionMask = 2147483647;
			files = (
				5BE8E6E72250DB4100BBD38A /* main.m in Sources */,
				5BE8E6FA2250DC8900BBD38A /* NSData+TF_Encrypt.m in Sources */,
				5B2F4D012251F97E009263AB /* NSData+TF_Conversion.m in Sources */,
			);
			runOnlyForDeploymentPostprocessing = 0;
		};
/* End PBXSourcesBuildPhase section */

/* Begin XCBuildConfiguration section */
		5BE8E6E82250DB4100BBD38A /* Debug */ = {
			isa = XCBuildConfiguration;
			buildSettings = {
				ALWAYS_SEARCH_USER_PATHS = NO;
				CLANG_ANALYZER_NONNULL = YES;
				CLANG_ANALYZER_NUMBER_OBJECT_CONVERSION = YES_AGGRESSIVE;
				CLANG_CXX_LANGUAGE_STANDARD = "gnu++14";
				CLANG_CXX_LIBRARY = "libc++";
				CLANG_ENABLE_MODULES = YES;
				CLANG_ENABLE_OBJC_ARC = YES;
				CLANG_ENABLE_OBJC_WEAK = YES;
				CLANG_WARN_BLOCK_CAPTURE_AUTORELEASING = YES;
				CLANG_WARN_BOOL_CONVERSION = YES;
				CLANG_WARN_COMMA = YES;
				CLANG_WARN_CONSTANT_CONVERSION = YES;
				CLANG_WARN_DEPRECATED_OBJC_IMPLEMENTATIONS = YES;
				CLANG_WARN_DIRECT_OBJC_ISA_USAGE = YES_ERROR;
				CLANG_WARN_DOCUMENTATION_COMMENTS = YES;
				CLANG_WARN_EMPTY_BODY = YES;
				CLANG_WARN_ENUM_CONVERSION = YES;
				CLANG_WARN_INFINITE_RECURSION = YES;
				CLANG_WARN_INT_CONVERSION = YES;
				CLANG_WARN_NON_LITERAL_NULL_CONVERSION = YES;
				CLANG_WARN_OBJC_IMPLICIT_RETAIN_SELF = YES;
				CLANG_WARN_OBJC_LITERAL_CONVERSION = YES;
				CLANG_WARN_OBJC_ROOT_CLASS = YES_ERROR;
				CLANG_WARN_RANGE_LOOP_ANALYSIS = YES;
				CLANG_WARN_STRICT_PROTOTYPES = YES;
				CLANG_WARN_SUSPICIOUS_MOVE = YES;
				CLANG_WARN_UNGUARDED_AVAILABILITY = YES_AGGRESSIVE;
				CLANG_WARN_UNREACHABLE_CODE = YES;
				CLANG_WARN__DUPLICATE_METHOD_MATCH = YES;
				CODE_SIGN_IDENTITY = "Mac Developer";
				COPY_PHASE_STRIP = NO;
				DEBUG_INFORMATION_FORMAT = dwarf;
				ENABLE_STRICT_OBJC_MSGSEND = YES;
				ENABLE_TESTABILITY = YES;
				GCC_C_LANGUAGE_STANDARD = gnu11;
				GCC_DYNAMIC_NO_PIC = NO;
				GCC_NO_COMMON_BLOCKS = YES;
				GCC_OPTIMIZATION_LEVEL = 0;
				GCC_PREPROCESSOR_DEFINITIONS = (
					"DEBUG=1",
					"$(inherited)",
				);
				GCC_WARN_64_TO_32_BIT_CONVERSION = YES;
				GCC_WARN_ABOUT_RETURN_TYPE = YES_ERROR;
				GCC_WARN_UNDECLARED_SELECTOR = YES;
				GCC_WARN_UNINITIALIZED_AUTOS = YES_AGGRESSIVE;
				GCC_WARN_UNUSED_FUNCTION = YES;
				GCC_WARN_UNUSED_VARIABLE = YES;
				MACOSX_DEPLOYMENT_TARGET = 10.14;
				MTL_ENABLE_DEBUG_INFO = INCLUDE_SOURCE;
				MTL_FAST_MATH = YES;
				ONLY_ACTIVE_ARCH = YES;
				SDKROOT = macosx;
			};
			name = Debug;
		};
		5BE8E6E92250DB4100BBD38A /* Release */ = {
			isa = XCBuildConfiguration;
			buildSettings = {
				ALWAYS_SEARCH_USER_PATHS = NO;
				CLANG_ANALYZER_NONNULL = YES;
				CLANG_ANALYZER_NUMBER_OBJECT_CONVERSION = YES_AGGRESSIVE;
				CLANG_CXX_LANGUAGE_STANDARD = "gnu++14";
				CLANG_CXX_LIBRARY = "libc++";
				CLANG_ENABLE_MODULES = YES;
				CLANG_ENABLE_OBJC_ARC = YES;
				CLANG_ENABLE_OBJC_WEAK = YES;
				CLANG_WARN_BLOCK_CAPTURE_AUTORELEASING = YES;
				CLANG_WARN_BOOL_CONVERSION = YES;
				CLANG_WARN_COMMA = YES;
				CLANG_WARN_CONSTANT_CONVERSION = YES;
				CLANG_WARN_DEPRECATED_OBJC_IMPLEMENTATIONS = YES;
				CLANG_WARN_DIRECT_OBJC_ISA_USAGE = YES_ERROR;
				CLANG_WARN_DOCUMENTATION_COMMENTS = YES;
				CLANG_WARN_EMPTY_BODY = YES;
				CLANG_WARN_ENUM_CONVERSION = YES;
				CLANG_WARN_INFINITE_RECURSION = YES;
				CLANG_WARN_INT_CONVERSION = YES;
				CLANG_WARN_NON_LITERAL_NULL_CONVERSION = YES;
				CLANG_WARN_OBJC_IMPLICIT_RETAIN_SELF = YES;
				CLANG_WARN_OBJC_LITERAL_CONVERSION = YES;
				CLANG_WARN_OBJC_ROOT_CLASS = YES_ERROR;
				CLANG_WARN_RANGE_LOOP_ANALYSIS = YES;
				CLANG_WARN_STRICT_PROTOTYPES = YES;
				CLANG_WARN_SUSPICIOUS_MOVE = YES;
				CLANG_WARN_UNGUARDED_AVAILABILITY = YES_AGGRESSIVE;
				CLANG_WARN_UNREACHABLE_CODE = YES;
				CLANG_WARN__DUPLICATE_METHOD_MATCH = YES;
				CODE_SIGN_IDENTITY = "Mac Developer";
				COPY_PHASE_STRIP = NO;
				DEBUG_INFORMATION_FORMAT = "dwarf-with-dsym";
				ENABLE_NS_ASSERTIONS = NO;
				ENABLE_STRICT_OBJC_MSGSEND = YES;
				GCC_C_LANGUAGE_STANDARD = gnu11;
				GCC_NO_COMMON_BLOCKS = YES;
				GCC_WARN_64_TO_32_BIT_CONVERSION = YES;
				GCC_WARN_ABOUT_RETURN_TYPE = YES_ERROR;
				GCC_WARN_UNDECLARED_SELECTOR = YES;
				GCC_WARN_UNINITIALIZED_AUTOS = YES_AGGRESSIVE;
				GCC_WARN_UNUSED_FUNCTION = YES;
				GCC_WARN_UNUSED_VARIABLE = YES;
				MACOSX_DEPLOYMENT_TARGET = 10.14;
				MTL_ENABLE_DEBUG_INFO = NO;
				MTL_FAST_MATH = YES;
				SDKROOT = macosx;
			};
			name = Release;
		};
		5BE8E6EB2250DB4100BBD38A /* Debug */ = {
			isa = XCBuildConfiguration;
			buildSettings = {
				CODE_SIGN_STYLE = Automatic;
				DEVELOPMENT_TEAM = 83J8888V77;
				PRODUCT_NAME = "$(TARGET_NAME)";
			};
			name = Debug;
		};
		5BE8E6EC2250DB4100BBD38A /* Release */ = {
			isa = XCBuildConfiguration;
			buildSettings = {
				CODE_SIGN_STYLE = Automatic;
				DEVELOPMENT_TEAM = 83J8888V77;
				PRODUCT_NAME = "$(TARGET_NAME)";
			};
			name = Release;
		};
/* End XCBuildConfiguration section */

/* Begin XCConfigurationList section */
		5BE8E6DE2250DB4100BBD38A /* Build configuration list for PBXProject "TF_EncryptDemo" */ = {
			isa = XCConfigurationList;
			buildConfigurations = (
				5BE8E6E82250DB4100BBD38A /* Debug */,
				5BE8E6E92250DB4100BBD38A /* Release */,
			);
			defaultConfigurationIsVisible = 0;
			defaultConfigurationName = Release;
		};
		5BE8E6EA2250DB4100BBD38A /* Build configuration list for PBXNativeTarget "TF_EncryptDemo" */ = {
			isa = XCConfigurationList;
			buildConfigurations = (
				5BE8E6EB2250DB4100BBD38A /* Debug */,
				5BE8E6EC2250DB4100BBD38A /* Release */,
			);
			defaultConfigurationIsVisible = 0;
			defaultConfigurationName = Release;
		};
/* End XCConfigurationList section */
	};
	rootObject = 5BE8E6DB2250DB4100BBD38A /* Project object */;
}
